
Microsoft Visual Studio Solution File, Format Version 12.00
# Visual Studio Version 17
VisualStudioVersion = 17.7.34221.43
MinimumVisualStudioVersion = 10.0.40219.1
Project("{FAE04EC0-301F-11D3-BF4B-00C04F79EFBC}") = "AnimationApp", "AnimationApp\AnimationApp.csproj", "{9994A78B-D930-40D1-820A-13D48F46423B}"
EndProject
Global
	GlobalSection(SolutionConfigurationPlatforms) = preSolution
		Debug|Any CPU = Debug|Any CPU
		Release|Any CPU = Release|Any CPU
	EndGlobalSection
	GlobalSection(ProjectConfigurationPlatforms) = postSolution
		{9994A78B-D930-40D1-820A-13D48F46423B}.Debug|Any CPU.ActiveCfg = Debug|Any CPU
		{9994A78B-D930-40D1-820A-13D48F46423B}.Debug|Any CPU.Build.0 = Debug|Any CPU
		{9994A78B-D930-40D1-820A-13D48F46423B}.Debug|Any CPU.Deploy.0 = Debug|Any CPU
		{9994A78B-D930-40D1-820A-13D48F46423B}.Release|Any CPU.ActiveCfg = Release|Any CPU
		{9994A78B-D930-40D1-820A-13D48F46423B}.Release|Any CPU.Build.0 = Release|Any CPU
		{9994A78B-D930-40D1-820A-13D48F46423B}.Release|Any CPU.Deploy.0 = Release|Any CPU
	EndGlobalSection
	GlobalSection(SolutionProperties) = preSolution
		HideSolutionNode = FALSE
	EndGlobalSection
	GlobalSection(ExtensibilityGlobals) = postSolution
		SolutionGuid = {D19DB570-3CEE-4CB1-B568-0CC990402CC4}
	EndGlobalSection
EndGlobal
